
Microsoft Visual Studio Solution File, Format Version 12.00
# Visual Studio Version 16
VisualStudioVersion = 16.0.30907.101
MinimumVisualStudioVersion = 10.0.40219.1
Project("{FAE04EC0-301F-11D3-BF4B-00C04F79EFBC}") = "DashBoardDI04Paul", "DashBoardDI04Paul\DashBoardDI04Paul.csproj", "{F450C272-B77C-471D-BF5A-200B75C4890E}"
EndProject
Project("{2150E333-8FDC-42A3-9474-1A3956D46DE8}") = "UI", "UI", "{C2484DE1-AB35-4A6B-A241-1AF5C19E74ED}"
EndProject
Project("{2150E333-8FDC-42A3-9474-1A3956D46DE8}") = "BLL", "BLL", "{6757880F-63D5-40AA-B719-45C7F2C8F9D4}"
EndProject
Project("{2150E333-8FDC-42A3-9474-1A3956D46DE8}") = "DAL", "DAL", "{5CDCC29B-FCCE-417A-84DC-FC2498E185A6}"
EndProject
Project("{2150E333-8FDC-42A3-9474-1A3956D46DE8}") = "Utilidades", "Utilidades", "{88A087C5-2367-4AFC-A85F-B4E1D577B294}"
EndProject
Project("{FAE04EC0-301F-11D3-BF4B-00C04F79EFBC}") = "LeerDAL", "LeerDAL\LeerDAL.csproj", "{753B4080-9B88-44F4-87DF-44910A83F763}"
EndProject
Project("{FAE04EC0-301F-11D3-BF4B-00C04F79EFBC}") = "EnlazarBLL", "EnlazarBLL\EnlazarBLL.csproj", "{53D62FCF-DDFD-45C9-9B0C-3EA76B2BABA7}"
EndProject
Global
	GlobalSection(SolutionConfigurationPlatforms) = preSolution
		Debug|Any CPU = Debug|Any CPU
		Release|Any CPU = Release|Any CPU
	EndGlobalSection
	GlobalSection(ProjectConfigurationPlatforms) = postSolution
		{F450C272-B77C-471D-BF5A-200B75C4890E}.Debug|Any CPU.ActiveCfg = Debug|Any CPU
		{F450C272-B77C-471D-BF5A-200B75C4890E}.Debug|Any CPU.Build.0 = Debug|Any CPU
		{F450C272-B77C-471D-BF5A-200B75C4890E}.Release|Any CPU.ActiveCfg = Release|Any CPU
		{F450C272-B77C-471D-BF5A-200B75C4890E}.Release|Any CPU.Build.0 = Release|Any CPU
		{753B4080-9B88-44F4-87DF-44910A83F763}.Debug|Any CPU.ActiveCfg = Debug|Any CPU
		{753B4080-9B88-44F4-87DF-44910A83F763}.Debug|Any CPU.Build.0 = Debug|Any CPU
		{753B4080-9B88-44F4-87DF-44910A83F763}.Release|Any CPU.ActiveCfg = Release|Any CPU
		{753B4080-9B88-44F4-87DF-44910A83F763}.Release|Any CPU.Build.0 = Release|Any CPU
		{53D62FCF-DDFD-45C9-9B0C-3EA76B2BABA7}.Debug|Any CPU.ActiveCfg = Debug|Any CPU
		{53D62FCF-DDFD-45C9-9B0C-3EA76B2BABA7}.Debug|Any CPU.Build.0 = Debug|Any CPU
		{53D62FCF-DDFD-45C9-9B0C-3EA76B2BABA7}.Release|Any CPU.ActiveCfg = Release|Any CPU
		{53D62FCF-DDFD-45C9-9B0C-3EA76B2BABA7}.Release|Any CPU.Build.0 = Release|Any CPU
	EndGlobalSection
	GlobalSection(SolutionProperties) = preSolution
		HideSolutionNode = FALSE
	EndGlobalSection
	GlobalSection(NestedProjects) = preSolution
		{F450C272-B77C-471D-BF5A-200B75C4890E} = {C2484DE1-AB35-4A6B-A241-1AF5C19E74ED}
		{753B4080-9B88-44F4-87DF-44910A83F763} = {5CDCC29B-FCCE-417A-84DC-FC2498E185A6}
		{53D62FCF-DDFD-45C9-9B0C-3EA76B2BABA7} = {6757880F-63D5-40AA-B719-45C7F2C8F9D4}
	EndGlobalSection
	GlobalSection(ExtensibilityGlobals) = postSolution
		SolutionGuid = {5F606E03-BDB6-471D-B63C-FD6C4DA5205D}
	EndGlobalSection
EndGlobal
